
Microsoft Visual Studio Solution File, Format Version 12.00
# Visual Studio Version 16
VisualStudioVersion = 16.0.31410.357
MinimumVisualStudioVersion = 10.0.40219.1
Project("{FAE04EC0-301F-11D3-BF4B-00C04F79EFBC}") = "EllicksonRepo", "EllicksonRepo\EllicksonRepo.csproj", "{B20E6CF8-1DB0-4CC5-A570-8263A501CB4A}"
EndProject
Project("{FAE04EC0-301F-11D3-BF4B-00C04F79EFBC}") = "Ellickson.Model", "Ellickson.Model\Ellickson.Model.csproj", "{6412EF37-C29B-486A-842D-D14977231D22}"
EndProject
Project("{FAE04EC0-301F-11D3-BF4B-00C04F79EFBC}") = "Ellickson.IBL", "Ellickson.IBL\Ellickson.IBL.csproj", "{72D6B53F-59CD-4B2F-A297-163F769AF78F}"
EndProject
Project("{FAE04EC0-301F-11D3-BF4B-00C04F79EFBC}") = "Ellickson.Data", "Ellickson.Data\Ellickson.Data.csproj", "{ACCC64D9-190E-408B-B135-4A656113E581}"
EndProject
Project("{FAE04EC0-301F-11D3-BF4B-00C04F79EFBC}") = "Ellickson.BL", "Ellickson.BL\Ellickson.BL.csproj", "{D130D49D-0489-4737-9A76-2E3E3748A2E5}"
EndProject
Global
	GlobalSection(SolutionConfigurationPlatforms) = preSolution
		Debug|Any CPU = Debug|Any CPU
		Release|Any CPU = Release|Any CPU
	EndGlobalSection
	GlobalSection(ProjectConfigurationPlatforms) = postSolution
		{B20E6CF8-1DB0-4CC5-A570-8263A501CB4A}.Debug|Any CPU.ActiveCfg = Debug|Any CPU
		{B20E6CF8-1DB0-4CC5-A570-8263A501CB4A}.Debug|Any CPU.Build.0 = Debug|Any CPU
		{B20E6CF8-1DB0-4CC5-A570-8263A501CB4A}.Release|Any CPU.ActiveCfg = Release|Any CPU
		{B20E6CF8-1DB0-4CC5-A570-8263A501CB4A}.Release|Any CPU.Build.0 = Release|Any CPU
		{6412EF37-C29B-486A-842D-D14977231D22}.Debug|Any CPU.ActiveCfg = Debug|Any CPU
		{6412EF37-C29B-486A-842D-D14977231D22}.Debug|Any CPU.Build.0 = Debug|Any CPU
		{6412EF37-C29B-486A-842D-D14977231D22}.Release|Any CPU.ActiveCfg = Release|Any CPU
		{6412EF37-C29B-486A-842D-D14977231D22}.Release|Any CPU.Build.0 = Release|Any CPU
		{72D6B53F-59CD-4B2F-A297-163F769AF78F}.Debug|Any CPU.ActiveCfg = Debug|Any CPU
		{72D6B53F-59CD-4B2F-A297-163F769AF78F}.Debug|Any CPU.Build.0 = Debug|Any CPU
		{72D6B53F-59CD-4B2F-A297-163F769AF78F}.Release|Any CPU.ActiveCfg = Release|Any CPU
		{72D6B53F-59CD-4B2F-A297-163F769AF78F}.Release|Any CPU.Build.0 = Release|Any CPU
		{ACCC64D9-190E-408B-B135-4A656113E581}.Debug|Any CPU.ActiveCfg = Debug|Any CPU
		{ACCC64D9-190E-408B-B135-4A656113E581}.Debug|Any CPU.Build.0 = Debug|Any CPU
		{ACCC64D9-190E-408B-B135-4A656113E581}.Release|Any CPU.ActiveCfg = Release|Any CPU
		{ACCC64D9-190E-408B-B135-4A656113E581}.Release|Any CPU.Build.0 = Release|Any CPU
		{D130D49D-0489-4737-9A76-2E3E3748A2E5}.Debug|Any CPU.ActiveCfg = Debug|Any CPU
		{D130D49D-0489-4737-9A76-2E3E3748A2E5}.Debug|Any CPU.Build.0 = Debug|Any CPU
		{D130D49D-0489-4737-9A76-2E3E3748A2E5}.Release|Any CPU.ActiveCfg = Release|Any CPU
		{D130D49D-0489-4737-9A76-2E3E3748A2E5}.Release|Any CPU.Build.0 = Release|Any CPU
	EndGlobalSection
	GlobalSection(SolutionProperties) = preSolution
		HideSolutionNode = FALSE
	EndGlobalSection
	GlobalSection(ExtensibilityGlobals) = postSolution
		SolutionGuid = {588AED5F-6724-4F0D-BAC2-6E55CE525EAA}
	EndGlobalSection
EndGlobal
